
Microsoft Visual Studio Solution File, Format Version 12.00
# Visual Studio Version 17
VisualStudioVersion = 17.14.36221.1
MinimumVisualStudioVersion = 10.0.40219.1
Project("{FAE04EC0-301F-11D3-BF4B-00C04F79EFBC}") = "ABCRetailers", "ABCRetailers.csproj", "{E8CE586D-F18C-4DD1-AC77-FA23ACBB8A6D}"
EndProject
Global
	GlobalSection(SolutionConfigurationPlatforms) = preSolution
		Debug|Any CPU = Debug|Any CPU
		Release|Any CPU = Release|Any CPU
	EndGlobalSection
	GlobalSection(ProjectConfigurationPlatforms) = postSolution
		{E8CE586D-F18C-4DD1-AC77-FA23ACBB8A6D}.Debug|Any CPU.ActiveCfg = Debug|Any CPU
		{E8CE586D-F18C-4DD1-AC77-FA23ACBB8A6D}.Debug|Any CPU.Build.0 = Debug|Any CPU
		{E8CE586D-F18C-4DD1-AC77-FA23ACBB8A6D}.Release|Any CPU.ActiveCfg = Release|Any CPU
		{E8CE586D-F18C-4DD1-AC77-FA23ACBB8A6D}.Release|Any CPU.Build.0 = Release|Any CPU
	EndGlobalSection
	GlobalSection(SolutionProperties) = preSolution
		HideSolutionNode = FALSE
	EndGlobalSection
	GlobalSection(ExtensibilityGlobals) = postSolution
		SolutionGuid = {6E59CDEA-B2C8-470C-850E-AA24D764E655}
	EndGlobalSection
EndGlobal
